
Microsoft Visual Studio Solution File, Format Version 12.00
# Visual Studio 2012
Project("{FAE04EC0-301F-11D3-BF4B-00C04F79EFBC}") = "MP3 File Auto-Tagger", "MP3 File Auto-Tagger.csproj", "{F561B2EC-DEC9-4097-BD34-2850557B402B}"
EndProject
Project("{FAE04EC0-301F-11D3-BF4B-00C04F79EFBC}") = "MP3 Auto-Tagger GUI", "..\MP3 Auto-Tagger GUI\MP3 Auto-Tagger GUI.csproj", "{952C090B-C2D7-4596-9D86-43DEC8652F29}"
EndProject
Global
	GlobalSection(SolutionConfigurationPlatforms) = preSolution
		Debug|Any CPU = Debug|Any CPU
		Release|Any CPU = Release|Any CPU
	EndGlobalSection
	GlobalSection(ProjectConfigurationPlatforms) = postSolution
		{F561B2EC-DEC9-4097-BD34-2850557B402B}.Debug|Any CPU.ActiveCfg = Debug|Any CPU
		{F561B2EC-DEC9-4097-BD34-2850557B402B}.Debug|Any CPU.Build.0 = Debug|Any CPU
		{F561B2EC-DEC9-4097-BD34-2850557B402B}.Release|Any CPU.ActiveCfg = Release|Any CPU
		{F561B2EC-DEC9-4097-BD34-2850557B402B}.Release|Any CPU.Build.0 = Release|Any CPU
		{952C090B-C2D7-4596-9D86-43DEC8652F29}.Debug|Any CPU.ActiveCfg = Debug|Any CPU
		{952C090B-C2D7-4596-9D86-43DEC8652F29}.Debug|Any CPU.Build.0 = Debug|Any CPU
		{952C090B-C2D7-4596-9D86-43DEC8652F29}.Release|Any CPU.ActiveCfg = Release|Any CPU
		{952C090B-C2D7-4596-9D86-43DEC8652F29}.Release|Any CPU.Build.0 = Release|Any CPU
	EndGlobalSection
	GlobalSection(SolutionProperties) = preSolution
		HideSolutionNode = FALSE
	EndGlobalSection
EndGlobal
